// !$*UTF8*$!
{
	archiveVersion = 1;
	classes = {
	};
	objectVersion = 50;
	objects = {

/* Begin PBXBuildFile section */
		3B3E23DF26DA2A9F005A29EE /* AppDelegate.swift in Sources */ = {isa = PBXBuildFile; fileRef = 3B3E23DE26DA2A9F005A29EE /* AppDelegate.swift */; };
		3B3E23E126DA2A9F005A29EE /* SceneDelegate.swift in Sources */ = {isa = PBXBuildFile; fileRef = 3B3E23E026DA2A9F005A29EE /* SceneDelegate.swift */; };
		3B3E23E326DA2A9F005A29EE /* WeatherViewController.swift in Sources */ = {isa = PBXBuildFile; fileRef = 3B3E23E226DA2A9F005A29EE /* WeatherViewController.swift */; };
		3B3E23E626DA2A9F005A29EE /* Main.storyboard in Resources */ = {isa = PBXBuildFile; fileRef = 3B3E23E426DA2A9F005A29EE /* Main.storyboard */; };
		3B3E23E826DA2AA0005A29EE /* Assets.xcassets in Resources */ = {isa = PBXBuildFile; fileRef = 3B3E23E726DA2AA0005A29EE /* Assets.xcassets */; };
		3B3E23EB26DA2AA0005A29EE /* LaunchScreen.storyboard in Resources */ = {isa = PBXBuildFile; fileRef = 3B3E23E926DA2AA0005A29EE /* LaunchScreen.storyboard */; };
		3B3E23F626DA353C005A29EE /* WeatherManager.swift in Sources */ = {isa = PBXBuildFile; fileRef = 3B3E23F526DA353C005A29EE /* WeatherManager.swift */; };
		3B3E23F826DA4215005A29EE /* WeatherData.swift in Sources */ = {isa = PBXBuildFile; fileRef = 3B3E23F726DA4215005A29EE /* WeatherData.swift */; };
		3B3E23FA26DA5DCE005A29EE /* WeatherModel.swift in Sources */ = {isa = PBXBuildFile; fileRef = 3B3E23F926DA5DCE005A29EE /* WeatherModel.swift */; };
/* End PBXBuildFile section */

/* Begin PBXFileReference section */
		3B3E23DB26DA2A9F005A29EE /* WeatherApp.app */ = {isa = PBXFileReference; explicitFileType = wrapper.application; includeInIndex = 0; path = WeatherApp.app; sourceTree = BUILT_PRODUCTS_DIR; };
		3B3E23DE26DA2A9F005A29EE /* AppDelegate.swift */ = {isa = PBXFileReference; lastKnownFileType = sourcecode.swift; path = AppDelegate.swift; sourceTree = "<group>"; };
		3B3E23E026DA2A9F005A29EE /* SceneDelegate.swift */ = {isa = PBXFileReference; lastKnownFileType = sourcecode.swift; path = SceneDelegate.swift; sourceTree = "<group>"; };
		3B3E23E226DA2A9F005A29EE /* WeatherViewController.swift */ = {isa = PBXFileReference; lastKnownFileType = sourcecode.swift; path = WeatherViewController.swift; sourceTree = "<group>"; };
		3B3E23E526DA2A9F005A29EE /* Base */ = {isa = PBXFileReference; lastKnownFileType = file.storyboard; name = Base; path = Base.lproj/Main.storyboard; sourceTree = "<group>"; };
		3B3E23E726DA2AA0005A29EE /* Assets.xcassets */ = {isa = PBXFileReference; lastKnownFileType = folder.assetcatalog; path = Assets.xcassets; sourceTree = "<group>"; };
		3B3E23EA26DA2AA0005A29EE /* Base */ = {isa = PBXFileReference; lastKnownFileType = file.storyboard; name = Base; path = Base.lproj/LaunchScreen.storyboard; sourceTree = "<group>"; };
		3B3E23EC26DA2AA0005A29EE /* Info.plist */ = {isa = PBXFileReference; lastKnownFileType = text.plist.xml; path = Info.plist; sourceTree = "<group>"; };
		3B3E23F526DA353C005A29EE /* WeatherManager.swift */ = {isa = PBXFileReference; lastKnownFileType = sourcecode.swift; path = WeatherManager.swift; sourceTree = "<group>"; };
		3B3E23F726DA4215005A29EE /* WeatherData.swift */ = {isa = PBXFileReference; lastKnownFileType = sourcecode.swift; path = WeatherData.swift; sourceTree = "<group>"; };
		3B3E23F926DA5DCE005A29EE /* WeatherModel.swift */ = {isa = PBXFileReference; lastKnownFileType = sourcecode.swift; path = WeatherModel.swift; sourceTree = "<group>"; };
/* End PBXFileReference section */

/* Begin PBXFrameworksBuildPhase section */
		3B3E23D826DA2A9F005A29EE /* Frameworks */ = {
			isa = PBXFrameworksBuildPhase;
			buildActionMask = 2147483647;
			files = (
			);
			runOnlyForDeploymentPostprocessing = 0;
		};
/* End PBXFrameworksBuildPhase section */

/* Begin PBXGroup section */
		3B3E23D226DA2A9F005A29EE = {
			isa = PBXGroup;
			children = (
				3B3E23DD26DA2A9F005A29EE /* WeatherApp */,
				3B3E23DC26DA2A9F005A29EE /* Products */,
			);
			sourceTree = "<group>";
		};
		3B3E23DC26DA2A9F005A29EE /* Products */ = {
			isa = PBXGroup;
			children = (
				3B3E23DB26DA2A9F005A29EE /* WeatherApp.app */,
			);
			name = Products;
			sourceTree = "<group>";
		};
		3B3E23DD26DA2A9F005A29EE /* WeatherApp */ = {
			isa = PBXGroup;
			children = (
				3B3E23F426DA2F3F005A29EE /* Controller */,
				3B3E23F326DA2F36005A29EE /* View */,
				3B3E23F226DA2CC5005A29EE /* Model */,
				3B3E23DE26DA2A9F005A29EE /* AppDelegate.swift */,
				3B3E23E026DA2A9F005A29EE /* SceneDelegate.swift */,
				3B3E23E726DA2AA0005A29EE /* Assets.xcassets */,
				3B3E23E926DA2AA0005A29EE /* LaunchScreen.storyboard */,
				3B3E23EC26DA2AA0005A29EE /* Info.plist */,
			);
			path = WeatherApp;
			sourceTree = "<group>";
		};
		3B3E23F226DA2CC5005A29EE /* Model */ = {
			isa = PBXGroup;
			children = (
				3B3E23F526DA353C005A29EE /* WeatherManager.swift */,
				3B3E23F726DA4215005A29EE /* WeatherData.swift */,
				3B3E23F926DA5DCE005A29EE /* WeatherModel.swift */,
			);
			path = Model;
			sourceTree = "<group>";
		};
		3B3E23F326DA2F36005A29EE /* View */ = {
			isa = PBXGroup;
			children = (
				3B3E23E426DA2A9F005A29EE /* Main.storyboard */,
			);
			path = View;
			sourceTree = "<group>";
		};
		3B3E23F426DA2F3F005A29EE /* Controller */ = {
			isa = PBXGroup;
			children = (
				3B3E23E226DA2A9F005A29EE /* WeatherViewController.swift */,
			);
			path = Controller;
			sourceTree = "<group>";
		};
/* End PBXGroup section */

/* Begin PBXNativeTarget section */
		3B3E23DA26DA2A9F005A29EE /* WeatherApp */ = {
			isa = PBXNativeTarget;
			buildConfigurationList = 3B3E23EF26DA2AA0005A29EE /* Build configuration list for PBXNativeTarget "WeatherApp" */;
			buildPhases = (
				3B3E23D726DA2A9F005A29EE /* Sources */,
				3B3E23D826DA2A9F005A29EE /* Frameworks */,
				3B3E23D926DA2A9F005A29EE /* Resources */,
			);
			buildRules = (
			);
			dependencies = (
			);
			name = WeatherApp;
			productName = WeatherApp;
			productReference = 3B3E23DB26DA2A9F005A29EE /* WeatherApp.app */;
			productType = "com.apple.product-type.application";
		};
/* End PBXNativeTarget section */

/* Begin PBXProject section */
		3B3E23D326DA2A9F005A29EE /* Project object */ = {
			isa = PBXProject;
			attributes = {
				LastSwiftUpdateCheck = 1250;
				LastUpgradeCheck = 1250;
				TargetAttributes = {
					3B3E23DA26DA2A9F005A29EE = {
						CreatedOnToolsVersion = 12.5.1;
					};
				};
			};
			buildConfigurationList = 3B3E23D626DA2A9F005A29EE /* Build configuration list for PBXProject "WeatherApp" */;
			compatibilityVersion = "Xcode 9.3";
			developmentRegion = en;
			hasScannedForEncodings = 0;
			knownRegions = (
				en,
				Base,
			);
			mainGroup = 3B3E23D226DA2A9F005A29EE;
			productRefGroup = 3B3E23DC26DA2A9F005A29EE /* Products */;
			projectDirPath = "";
			projectRoot = "";
			targets = (
				3B3E23DA26DA2A9F005A29EE /* WeatherApp */,
			);
		};
/* End PBXProject section */

/* Begin PBXResourcesBuildPhase section */
		3B3E23D926DA2A9F005A29EE /* Resources */ = {
			isa = PBXResourcesBuildPhase;
			buildActionMask = 2147483647;
			files = (
				3B3E23EB26DA2AA0005A29EE /* LaunchScreen.storyboard in Resources */,
				3B3E23E826DA2AA0005A29EE /* Assets.xcassets in Resources */,
				3B3E23E626DA2A9F005A29EE /* Main.storyboard in Resources */,
			);
			runOnlyForDeploymentPostprocessing = 0;
		};
/* End PBXResourcesBuildPhase section */

/* Begin PBXSourcesBuildPhase section */
		3B3E23D726DA2A9F005A29EE /* Sources */ = {
			isa = PBXSourcesBuildPhase;
			buildActionMask = 2147483647;
			files = (
				3B3E23E326DA2A9F005A29EE /* WeatherViewController.swift in Sources */,
				3B3E23F826DA4215005A29EE /* WeatherData.swift in Sources */,
				3B3E23DF26DA2A9F005A29EE /* AppDelegate.swift in Sources */,
				3B3E23F626DA353C005A29EE /* WeatherManager.swift in Sources */,
				3B3E23FA26DA5DCE005A29EE /* WeatherModel.swift in Sources */,
				3B3E23E126DA2A9F005A29EE /* SceneDelegate.swift in Sources */,
			);
			runOnlyForDeploymentPostprocessing = 0;
		};
/* End PBXSourcesBuildPhase section */

/* Begin PBXVariantGroup section */
		3B3E23E426DA2A9F005A29EE /* Main.storyboard */ = {
			isa = PBXVariantGroup;
			children = (
				3B3E23E526DA2A9F005A29EE /* Base */,
			);
			name = Main.storyboard;
			sourceTree = "<group>";
		};
		3B3E23E926DA2AA0005A29EE /* LaunchScreen.storyboard */ = {
			isa = PBXVariantGroup;
			children = (
				3B3E23EA26DA2AA0005A29EE /* Base */,
			);
			name = LaunchScreen.storyboard;
			sourceTree = "<group>";
		};
/* End PBXVariantGroup section */

/* Begin XCBuildConfiguration section */
		3B3E23ED26DA2AA0005A29EE /* Debug */ = {
			isa = XCBuildConfiguration;
			buildSettings = {
				ALWAYS_SEARCH_USER_PATHS = NO;
				CLANG_ANALYZER_NONNULL = YES;
				CLANG_ANALYZER_NUMBER_OBJECT_CONVERSION = YES_AGGRESSIVE;
				CLANG_CXX_LANGUAGE_STANDARD = "gnu++14";
				CLANG_CXX_LIBRARY = "libc++";
				CLANG_ENABLE_MODULES = YES;
				CLANG_ENABLE_OBJC_ARC = YES;
				CLANG_ENABLE_OBJC_WEAK = YES;
				CLANG_WARN_BLOCK_CAPTURE_AUTORELEASING = YES;
				CLANG_WARN_BOOL_CONVERSION = YES;
				CLANG_WARN_COMMA = YES;
				CLANG_WARN_CONSTANT_CONVERSION = YES;
				CLANG_WARN_DEPRECATED_OBJC_IMPLEMENTATIONS = YES;
				CLANG_WARN_DIRECT_OBJC_ISA_USAGE = YES_ERROR;
				CLANG_WARN_DOCUMENTATION_COMMENTS = YES;
				CLANG_WARN_EMPTY_BODY = YES;
				CLANG_WARN_ENUM_CONVERSION = YES;
				CLANG_WARN_INFINITE_RECURSION = YES;
				CLANG_WARN_INT_CONVERSION = YES;
				CLANG_WARN_NON_LITERAL_NULL_CONVERSION = YES;
				CLANG_WARN_OBJC_IMPLICIT_RETAIN_SELF = YES;
				CLANG_WARN_OBJC_LITERAL_CONVERSION = YES;
				CLANG_WARN_OBJC_ROOT_CLASS = YES_ERROR;
				CLANG_WARN_QUOTED_INCLUDE_IN_FRAMEWORK_HEADER = YES;
				CLANG_WARN_RANGE_LOOP_ANALYSIS = YES;
				CLANG_WARN_STRICT_PROTOTYPES = YES;
				CLANG_WARN_SUSPICIOUS_MOVE = YES;
				CLANG_WARN_UNGUARDED_AVAILABILITY = YES_AGGRESSIVE;
				CLANG_WARN_UNREACHABLE_CODE = YES;
				CLANG_WARN__DUPLICATE_METHOD_MATCH = YES;
				COPY_PHASE_STRIP = NO;
				DEBUG_INFORMATION_FORMAT = dwarf;
				ENABLE_STRICT_OBJC_MSGSEND = YES;
				ENABLE_TESTABILITY = YES;
				GCC_C_LANGUAGE_STANDARD = gnu11;
				GCC_DYNAMIC_NO_PIC = NO;
				GCC_NO_COMMON_BLOCKS = YES;
				GCC_OPTIMIZATION_LEVEL = 0;
				GCC_PREPROCESSOR_DEFINITIONS = (
					"DEBUG=1",
					"$(inherited)",
				);
				GCC_WARN_64_TO_32_BIT_CONVERSION = YES;
				GCC_WARN_ABOUT_RETURN_TYPE = YES_ERROR;
				GCC_WARN_UNDECLARED_SELECTOR = YES;
				GCC_WARN_UNINITIALIZED_AUTOS = YES_AGGRESSIVE;
				GCC_WARN_UNUSED_FUNCTION = YES;
				GCC_WARN_UNUSED_VARIABLE = YES;
				IPHONEOS_DEPLOYMENT_TARGET = 14.5;
				MTL_ENABLE_DEBUG_INFO = INCLUDE_SOURCE;
				MTL_FAST_MATH = YES;
				ONLY_ACTIVE_ARCH = YES;
				SDKROOT = iphoneos;
				SWIFT_ACTIVE_COMPILATION_CONDITIONS = DEBUG;
				SWIFT_OPTIMIZATION_LEVEL = "-Onone";
			};
			name = Debug;
		};
		3B3E23EE26DA2AA0005A29EE /* Release */ = {
			isa = XCBuildConfiguration;
			buildSettings = {
				ALWAYS_SEARCH_USER_PATHS = NO;
				CLANG_ANALYZER_NONNULL = YES;
				CLANG_ANALYZER_NUMBER_OBJECT_CONVERSION = YES_AGGRESSIVE;
				CLANG_CXX_LANGUAGE_STANDARD = "gnu++14";
				CLANG_CXX_LIBRARY = "libc++";
				CLANG_ENABLE_MODULES = YES;
				CLANG_ENABLE_OBJC_ARC = YES;
				CLANG_ENABLE_OBJC_WEAK = YES;
				CLANG_WARN_BLOCK_CAPTURE_AUTORELEASING = YES;
				CLANG_WARN_BOOL_CONVERSION = YES;
				CLANG_WARN_COMMA = YES;
				CLANG_WARN_CONSTANT_CONVERSION = YES;
				CLANG_WARN_DEPRECATED_OBJC_IMPLEMENTATIONS = YES;
				CLANG_WARN_DIRECT_OBJC_ISA_USAGE = YES_ERROR;
				CLANG_WARN_DOCUMENTATION_COMMENTS = YES;
				CLANG_WARN_EMPTY_BODY = YES;
				CLANG_WARN_ENUM_CONVERSION = YES;
				CLANG_WARN_INFINITE_RECURSION = YES;
				CLANG_WARN_INT_CONVERSION = YES;
				CLANG_WARN_NON_LITERAL_NULL_CONVERSION = YES;
				CLANG_WARN_OBJC_IMPLICIT_RETAIN_SELF = YES;
				CLANG_WARN_OBJC_LITERAL_CONVERSION = YES;
				CLANG_WARN_OBJC_ROOT_CLASS = YES_ERROR;
				CLANG_WARN_QUOTED_INCLUDE_IN_FRAMEWORK_HEADER = YES;
				CLANG_WARN_RANGE_LOOP_ANALYSIS = YES;
				CLANG_WARN_STRICT_PROTOTYPES = YES;
				CLANG_WARN_SUSPICIOUS_MOVE = YES;
				CLANG_WARN_UNGUARDED_AVAILABILITY = YES_AGGRESSIVE;
				CLANG_WARN_UNREACHABLE_CODE = YES;
				CLANG_WARN__DUPLICATE_METHOD_MATCH = YES;
				COPY_PHASE_STRIP = NO;
				DEBUG_INFORMATION_FORMAT = "dwarf-with-dsym";
				ENABLE_NS_ASSERTIONS = NO;
				ENABLE_STRICT_OBJC_MSGSEND = YES;
				GCC_C_LANGUAGE_STANDARD = gnu11;
				GCC_NO_COMMON_BLOCKS = YES;
				GCC_WARN_64_TO_32_BIT_CONVERSION = YES;
				GCC_WARN_ABOUT_RETURN_TYPE = YES_ERROR;
				GCC_WARN_UNDECLARED_SELECTOR = YES;
				GCC_WARN_UNINITIALIZED_AUTOS = YES_AGGRESSIVE;
				GCC_WARN_UNUSED_FUNCTION = YES;
				GCC_WARN_UNUSED_VARIABLE = YES;
				IPHONEOS_DEPLOYMENT_TARGET = 14.5;
				MTL_ENABLE_DEBUG_INFO = NO;
				MTL_FAST_MATH = YES;
				SDKROOT = iphoneos;
				SWIFT_COMPILATION_MODE = wholemodule;
				SWIFT_OPTIMIZATION_LEVEL = "-O";
				VALIDATE_PRODUCT = YES;
			};
			name = Release;
		};
		3B3E23F026DA2AA0005A29EE /* Debug */ = {
			isa = XCBuildConfiguration;
			buildSettings = {
				ASSETCATALOG_COMPILER_APPICON_NAME = AppIcon;
				ASSETCATALOG_COMPILER_GLOBAL_ACCENT_COLOR_NAME = AccentColor;
				CODE_SIGN_STYLE = Automatic;
				DEVELOPMENT_TEAM = TUS4ATZ2VG;
				INFOPLIST_FILE = WeatherApp/Info.plist;
				LD_RUNPATH_SEARCH_PATHS = (
					"$(inherited)",
					"@executable_path/Frameworks",
				);
				PRODUCT_BUNDLE_IDENTIFIER = com.james.WeatherApp;
				PRODUCT_NAME = "$(TARGET_NAME)";
				SWIFT_VERSION = 5.0;
				TARGETED_DEVICE_FAMILY = "1,2";
			};
			name = Debug;
		};
		3B3E23F126DA2AA0005A29EE /* Release */ = {
			isa = XCBuildConfiguration;
			buildSettings = {
				ASSETCATALOG_COMPILER_APPICON_NAME = AppIcon;
				ASSETCATALOG_COMPILER_GLOBAL_ACCENT_COLOR_NAME = AccentColor;
				CODE_SIGN_STYLE = Automatic;
				DEVELOPMENT_TEAM = TUS4ATZ2VG;
				INFOPLIST_FILE = WeatherApp/Info.plist;
				LD_RUNPATH_SEARCH_PATHS = (
					"$(inherited)",
					"@executable_path/Frameworks",
				);
				PRODUCT_BUNDLE_IDENTIFIER = com.james.WeatherApp;
				PRODUCT_NAME = "$(TARGET_NAME)";
				SWIFT_VERSION = 5.0;
				TARGETED_DEVICE_FAMILY = "1,2";
			};
			name = Release;
		};
/* End XCBuildConfiguration section */

/* Begin XCConfigurationList section */
		3B3E23D626DA2A9F005A29EE /* Build configuration list for PBXProject "WeatherApp" */ = {
			isa = XCConfigurationList;
			buildConfigurations = (
				3B3E23ED26DA2AA0005A29EE /* Debug */,
				3B3E23EE26DA2AA0005A29EE /* Release */,
			);
			defaultConfigurationIsVisible = 0;
			defaultConfigurationName = Release;
		};
		3B3E23EF26DA2AA0005A29EE /* Build configuration list for PBXNativeTarget "WeatherApp" */ = {
			isa = XCConfigurationList;
			buildConfigurations = (
				3B3E23F026DA2AA0005A29EE /* Debug */,
				3B3E23F126DA2AA0005A29EE /* Release */,
			);
			defaultConfigurationIsVisible = 0;
			defaultConfigurationName = Release;
		};
/* End XCConfigurationList section */
	};
	rootObject = 3B3E23D326DA2A9F005A29EE /* Project object */;
}
